<?xml version="1.0" encoding="utf-8"?>
<Project ToolsVersion="4.0" xmlns="http://schemas.microsoft.com/developer/msbuild/2003">
  <ItemGroup>
    <Filter Include="Source Files">
      <UniqueIdentifier>{4FC737F1-C7A5-4376-A066-2A32D752A2FF}</UniqueIdentifier>
      <Extensions>cpp;c;cc;cxx;def;odl;idl;hpj;bat;asm;asmx</Extensions>
    </Filter>
    <Filter Include="Header Files">
      <UniqueIdentifier>{93995380-89BD-4b04-88EB-625FBE52EBFB}</UniqueIdentifier>
      <Extensions>h;hh;hpp;hxx;hm;inl;inc;xsd</Extensions>
    </Filter>
    <Filter Include="Misc Files">
      <UniqueIdentifier>{67DA6AB6-F800-4c08-8B7A-83BB121AAD01}</UniqueIdentifier>
      <Extensions>xml;json;txt;rc;ico;cur;bmp;dlg;rc2;rct;bin;rgs;gif;jpg;jpeg;jpe;resx;tiff;tif;png;wav;mfcribbon-ms</Extensions>
    </Filter>
    <Filter Include="Source Files\Actions">
      <UniqueIdentifier>{87f2c926-18b2-4235-903b-0b174efcf4e4}</UniqueIdentifier>
    </Filter>
    <Filter Include="Source Files\Logic_Sensors">
      <UniqueIdentifier>{dfc9fae9-4d2f-420a-87ec-2e0c718fed5d}</UniqueIdentifier>
    </Filter>
    <Filter Include="Source Files\Modes">
      <UniqueIdentifier>{26318d86-f119-4051-878f-500307526747}</UniqueIdentifier>
    </Filter>
    <Filter Include="Source Files\ENV_Sensors">
      <UniqueIdentifier>{abb19924-a16d-4958-a0c7-4950c7502c6b}</UniqueIdentifier>
    </Filter>
  </ItemGroup>
  <ItemGroup>
    <None Include="Bobby_Bot 0.2.1.ino" />
    <None Include="src\arduino folders read me.txt">
      <Filter>Misc Files</Filter>
    </None>
    <None Include="Bot_Movements.ino">
      <Filter>Source Files\Actions</Filter>
    </None>
    <None Include="Ultrasonic_Sensor.ino">
      <Filter>Source Files\Logic_Sensors</Filter>
    </None>
    <None Include="Test_Moves.ino">
      <Filter>Source Files\Actions</Filter>
    </None>
    <None Include="Auto_Mode.ino">
      <Filter>Source Files\Modes</Filter>
    </None>
    <None Include="Manual_Mode.ino">
      <Filter>Source Files\Modes</Filter>
    </None>
    <None Include="Temp_Humid_Sensor.ino">
      <Filter>Source Files\ENV_Sensors</Filter>
    </None>
    <None Include="Carbon_Sensor.ino">
      <Filter>Source Files\ENV_Sensors</Filter>
    </None>
    <None Include="Bark_Sensor.ino">
      <Filter>Source Files\Logic_Sensors</Filter>
    </None>
    <None Include="Fire_Sensor.ino">
      <Filter>Source Files\ENV_Sensors</Filter>
    </None>
  </ItemGroup>
  <ItemGroup>
    <ClInclude Include="__vm\.Bobby_Bot 0.2.1.vsarduino.h">
      <Filter>Header Files</Filter>
    </ClInclude>
  </ItemGroup>
</Project>